// !$*UTF8*$!
{
	archiveVersion = 1;
	classes = {
	};
	objectVersion = 50;
	objects = {

/* Begin PBXBuildFile section */
		CB7573B820AE760800EA2319 /* AppDelegate.swift in Sources */ = {isa = PBXBuildFile; fileRef = CB7573B720AE760800EA2319 /* AppDelegate.swift */; };
		CB7573BA20AE760800EA2319 /* ViewController.swift in Sources */ = {isa = PBXBuildFile; fileRef = CB7573B920AE760800EA2319 /* ViewController.swift */; };
		CB7573BD20AE760800EA2319 /* Main.storyboard in Resources */ = {isa = PBXBuildFile; fileRef = CB7573BB20AE760800EA2319 /* Main.storyboard */; };
		CB7573BF20AE760900EA2319 /* Assets.xcassets in Resources */ = {isa = PBXBuildFile; fileRef = CB7573BE20AE760900EA2319 /* Assets.xcassets */; };
		CB7573C220AE760900EA2319 /* LaunchScreen.storyboard in Resources */ = {isa = PBXBuildFile; fileRef = CB7573C020AE760900EA2319 /* LaunchScreen.storyboard */; };
		CB7573CD20AE760900EA2319 /* SignUpProjectTests.swift in Sources */ = {isa = PBXBuildFile; fileRef = CB7573CC20AE760900EA2319 /* SignUpProjectTests.swift */; };
		CB7573D820AE760900EA2319 /* SignUpProjectUITests.swift in Sources */ = {isa = PBXBuildFile; fileRef = CB7573D720AE760900EA2319 /* SignUpProjectUITests.swift */; };
		CB7573E820AE79B900EA2319 /* ViewController2.swift in Sources */ = {isa = PBXBuildFile; fileRef = CB7573E720AE79B900EA2319 /* ViewController2.swift */; };
		CB7573EA20AE79C300EA2319 /* ViewController3.swift in Sources */ = {isa = PBXBuildFile; fileRef = CB7573E920AE79C300EA2319 /* ViewController3.swift */; };
		CB8E4A3C20B0EA450096F277 /* StoreData.swift in Sources */ = {isa = PBXBuildFile; fileRef = CB8E4A3B20B0EA450096F277 /* StoreData.swift */; };
/* End PBXBuildFile section */

/* Begin PBXContainerItemProxy section */
		CB7573C920AE760900EA2319 /* PBXContainerItemProxy */ = {
			isa = PBXContainerItemProxy;
			containerPortal = CB7573AC20AE760800EA2319 /* Project object */;
			proxyType = 1;
			remoteGlobalIDString = CB7573B320AE760800EA2319;
			remoteInfo = SignUpProject;
		};
		CB7573D420AE760900EA2319 /* PBXContainerItemProxy */ = {
			isa = PBXContainerItemProxy;
			containerPortal = CB7573AC20AE760800EA2319 /* Project object */;
			proxyType = 1;
			remoteGlobalIDString = CB7573B320AE760800EA2319;
			remoteInfo = SignUpProject;
		};
/* End PBXContainerItemProxy section */

/* Begin PBXFileReference section */
		CB7573B420AE760800EA2319 /* SignUpProject.app */ = {isa = PBXFileReference; explicitFileType = wrapper.application; includeInIndex = 0; path = SignUpProject.app; sourceTree = BUILT_PRODUCTS_DIR; };
		CB7573B720AE760800EA2319 /* AppDelegate.swift */ = {isa = PBXFileReference; lastKnownFileType = sourcecode.swift; path = AppDelegate.swift; sourceTree = "<group>"; };
		CB7573B920AE760800EA2319 /* ViewController.swift */ = {isa = PBXFileReference; lastKnownFileType = sourcecode.swift; path = ViewController.swift; sourceTree = "<group>"; };
		CB7573BC20AE760800EA2319 /* Base */ = {isa = PBXFileReference; lastKnownFileType = file.storyboard; name = Base; path = Base.lproj/Main.storyboard; sourceTree = "<group>"; };
		CB7573BE20AE760900EA2319 /* Assets.xcassets */ = {isa = PBXFileReference; lastKnownFileType = folder.assetcatalog; path = Assets.xcassets; sourceTree = "<group>"; };
		CB7573C120AE760900EA2319 /* Base */ = {isa = PBXFileReference; lastKnownFileType = file.storyboard; name = Base; path = Base.lproj/LaunchScreen.storyboard; sourceTree = "<group>"; };
		CB7573C320AE760900EA2319 /* Info.plist */ = {isa = PBXFileReference; lastKnownFileType = text.plist.xml; path = Info.plist; sourceTree = "<group>"; };
		CB7573C820AE760900EA2319 /* SignUpProjectTests.xctest */ = {isa = PBXFileReference; explicitFileType = wrapper.cfbundle; includeInIndex = 0; path = SignUpProjectTests.xctest; sourceTree = BUILT_PRODUCTS_DIR; };
		CB7573CC20AE760900EA2319 /* SignUpProjectTests.swift */ = {isa = PBXFileReference; lastKnownFileType = sourcecode.swift; path = SignUpProjectTests.swift; sourceTree = "<group>"; };
		CB7573CE20AE760900EA2319 /* Info.plist */ = {isa = PBXFileReference; lastKnownFileType = text.plist.xml; path = Info.plist; sourceTree = "<group>"; };
		CB7573D320AE760900EA2319 /* SignUpProjectUITests.xctest */ = {isa = PBXFileReference; explicitFileType = wrapper.cfbundle; includeInIndex = 0; path = SignUpProjectUITests.xctest; sourceTree = BUILT_PRODUCTS_DIR; };
		CB7573D720AE760900EA2319 /* SignUpProjectUITests.swift */ = {isa = PBXFileReference; lastKnownFileType = sourcecode.swift; path = SignUpProjectUITests.swift; sourceTree = "<group>"; };
		CB7573D920AE760900EA2319 /* Info.plist */ = {isa = PBXFileReference; lastKnownFileType = text.plist.xml; path = Info.plist; sourceTree = "<group>"; };
		CB7573E720AE79B900EA2319 /* ViewController2.swift */ = {isa = PBXFileReference; lastKnownFileType = sourcecode.swift; path = ViewController2.swift; sourceTree = "<group>"; };
		CB7573E920AE79C300EA2319 /* ViewController3.swift */ = {isa = PBXFileReference; lastKnownFileType = sourcecode.swift; path = ViewController3.swift; sourceTree = "<group>"; };
		CB8E4A3B20B0EA450096F277 /* StoreData.swift */ = {isa = PBXFileReference; lastKnownFileType = sourcecode.swift; path = StoreData.swift; sourceTree = "<group>"; };
/* End PBXFileReference section */

/* Begin PBXFrameworksBuildPhase section */
		CB7573B120AE760800EA2319 /* Frameworks */ = {
			isa = PBXFrameworksBuildPhase;
			buildActionMask = 2147483647;
			files = (
			);
			runOnlyForDeploymentPostprocessing = 0;
		};
		CB7573C520AE760900EA2319 /* Frameworks */ = {
			isa = PBXFrameworksBuildPhase;
			buildActionMask = 2147483647;
			files = (
			);
			runOnlyForDeploymentPostprocessing = 0;
		};
		CB7573D020AE760900EA2319 /* Frameworks */ = {
			isa = PBXFrameworksBuildPhase;
			buildActionMask = 2147483647;
			files = (
			);
			runOnlyForDeploymentPostprocessing = 0;
		};
/* End PBXFrameworksBuildPhase section */

/* Begin PBXGroup section */
		CB7573AB20AE760800EA2319 = {
			isa = PBXGroup;
			children = (
				CB7573B620AE760800EA2319 /* SignUpProject */,
				CB7573CB20AE760900EA2319 /* SignUpProjectTests */,
				CB7573D620AE760900EA2319 /* SignUpProjectUITests */,
				CB7573B520AE760800EA2319 /* Products */,
			);
			sourceTree = "<group>";
		};
		CB7573B520AE760800EA2319 /* Products */ = {
			isa = PBXGroup;
			children = (
				CB7573B420AE760800EA2319 /* SignUpProject.app */,
				CB7573C820AE760900EA2319 /* SignUpProjectTests.xctest */,
				CB7573D320AE760900EA2319 /* SignUpProjectUITests.xctest */,
			);
			name = Products;
			sourceTree = "<group>";
		};
		CB7573B620AE760800EA2319 /* SignUpProject */ = {
			isa = PBXGroup;
			children = (
				CB7573B720AE760800EA2319 /* AppDelegate.swift */,
				CB7573BB20AE760800EA2319 /* Main.storyboard */,
				CB7573B920AE760800EA2319 /* ViewController.swift */,
				CB7573E720AE79B900EA2319 /* ViewController2.swift */,
				CB7573E920AE79C300EA2319 /* ViewController3.swift */,
				CB8E4A3B20B0EA450096F277 /* StoreData.swift */,
				CB7573BE20AE760900EA2319 /* Assets.xcassets */,
				CB7573C020AE760900EA2319 /* LaunchScreen.storyboard */,
				CB7573C320AE760900EA2319 /* Info.plist */,
			);
			path = SignUpProject;
			sourceTree = "<group>";
		};
		CB7573CB20AE760900EA2319 /* SignUpProjectTests */ = {
			isa = PBXGroup;
			children = (
				CB7573CC20AE760900EA2319 /* SignUpProjectTests.swift */,
				CB7573CE20AE760900EA2319 /* Info.plist */,
			);
			path = SignUpProjectTests;
			sourceTree = "<group>";
		};
		CB7573D620AE760900EA2319 /* SignUpProjectUITests */ = {
			isa = PBXGroup;
			children = (
				CB7573D720AE760900EA2319 /* SignUpProjectUITests.swift */,
				CB7573D920AE760900EA2319 /* Info.plist */,
			);
			path = SignUpProjectUITests;
			sourceTree = "<group>";
		};
/* End PBXGroup section */

/* Begin PBXNativeTarget section */
		CB7573B320AE760800EA2319 /* SignUpProject */ = {
			isa = PBXNativeTarget;
			buildConfigurationList = CB7573DC20AE760900EA2319 /* Build configuration list for PBXNativeTarget "SignUpProject" */;
			buildPhases = (
				CB7573B020AE760800EA2319 /* Sources */,
				CB7573B120AE760800EA2319 /* Frameworks */,
				CB7573B220AE760800EA2319 /* Resources */,
			);
			buildRules = (
			);
			dependencies = (
			);
			name = SignUpProject;
			productName = SignUpProject;
			productReference = CB7573B420AE760800EA2319 /* SignUpProject.app */;
			productType = "com.apple.product-type.application";
		};
		CB7573C720AE760900EA2319 /* SignUpProjectTests */ = {
			isa = PBXNativeTarget;
			buildConfigurationList = CB7573DF20AE760900EA2319 /* Build configuration list for PBXNativeTarget "SignUpProjectTests" */;
			buildPhases = (
				CB7573C420AE760900EA2319 /* Sources */,
				CB7573C520AE760900EA2319 /* Frameworks */,
				CB7573C620AE760900EA2319 /* Resources */,
			);
			buildRules = (
			);
			dependencies = (
				CB7573CA20AE760900EA2319 /* PBXTargetDependency */,
			);
			name = SignUpProjectTests;
			productName = SignUpProjectTests;
			productReference = CB7573C820AE760900EA2319 /* SignUpProjectTests.xctest */;
			productType = "com.apple.product-type.bundle.unit-test";
		};
		CB7573D220AE760900EA2319 /* SignUpProjectUITests */ = {
			isa = PBXNativeTarget;
			buildConfigurationList = CB7573E220AE760900EA2319 /* Build configuration list for PBXNativeTarget "SignUpProjectUITests" */;
			buildPhases = (
				CB7573CF20AE760900EA2319 /* Sources */,
				CB7573D020AE760900EA2319 /* Frameworks */,
				CB7573D120AE760900EA2319 /* Resources */,
			);
			buildRules = (
			);
			dependencies = (
				CB7573D520AE760900EA2319 /* PBXTargetDependency */,
			);
			name = SignUpProjectUITests;
			productName = SignUpProjectUITests;
			productReference = CB7573D320AE760900EA2319 /* SignUpProjectUITests.xctest */;
			productType = "com.apple.product-type.bundle.ui-testing";
		};
/* End PBXNativeTarget section */

/* Begin PBXProject section */
		CB7573AC20AE760800EA2319 /* Project object */ = {
			isa = PBXProject;
			attributes = {
				LastSwiftUpdateCheck = 0930;
				LastUpgradeCheck = 0930;
				ORGANIZATIONNAME = jintakhan;
				TargetAttributes = {
					CB7573B320AE760800EA2319 = {
						CreatedOnToolsVersion = 9.3.1;
					};
					CB7573C720AE760900EA2319 = {
						CreatedOnToolsVersion = 9.3.1;
						TestTargetID = CB7573B320AE760800EA2319;
					};
					CB7573D220AE760900EA2319 = {
						CreatedOnToolsVersion = 9.3.1;
						TestTargetID = CB7573B320AE760800EA2319;
					};
				};
			};
			buildConfigurationList = CB7573AF20AE760800EA2319 /* Build configuration list for PBXProject "SignUpProject" */;
			compatibilityVersion = "Xcode 9.3";
			developmentRegion = en;
			hasScannedForEncodings = 0;
			knownRegions = (
				en,
				Base,
			);
			mainGroup = CB7573AB20AE760800EA2319;
			productRefGroup = CB7573B520AE760800EA2319 /* Products */;
			projectDirPath = "";
			projectRoot = "";
			targets = (
				CB7573B320AE760800EA2319 /* SignUpProject */,
				CB7573C720AE760900EA2319 /* SignUpProjectTests */,
				CB7573D220AE760900EA2319 /* SignUpProjectUITests */,
			);
		};
/* End PBXProject section */

/* Begin PBXResourcesBuildPhase section */
		CB7573B220AE760800EA2319 /* Resources */ = {
			isa = PBXResourcesBuildPhase;
			buildActionMask = 2147483647;
			files = (
				CB7573C220AE760900EA2319 /* LaunchScreen.storyboard in Resources */,
				CB7573BF20AE760900EA2319 /* Assets.xcassets in Resources */,
				CB7573BD20AE760800EA2319 /* Main.storyboard in Resources */,
			);
			runOnlyForDeploymentPostprocessing = 0;
		};
		CB7573C620AE760900EA2319 /* Resources */ = {
			isa = PBXResourcesBuildPhase;
			buildActionMask = 2147483647;
			files = (
			);
			runOnlyForDeploymentPostprocessing = 0;
		};
		CB7573D120AE760900EA2319 /* Resources */ = {
			isa = PBXResourcesBuildPhase;
			buildActionMask = 2147483647;
			files = (
			);
			runOnlyForDeploymentPostprocessing = 0;
		};
/* End PBXResourcesBuildPhase section */

/* Begin PBXSourcesBuildPhase section */
		CB7573B020AE760800EA2319 /* Sources */ = {
			isa = PBXSourcesBuildPhase;
			buildActionMask = 2147483647;
			files = (
				CB7573BA20AE760800EA2319 /* ViewController.swift in Sources */,
				CB8E4A3C20B0EA450096F277 /* StoreData.swift in Sources */,
				CB7573B820AE760800EA2319 /* AppDelegate.swift in Sources */,
				CB7573EA20AE79C300EA2319 /* ViewController3.swift in Sources */,
				CB7573E820AE79B900EA2319 /* ViewController2.swift in Sources */,
			);
			runOnlyForDeploymentPostprocessing = 0;
		};
		CB7573C420AE760900EA2319 /* Sources */ = {
			isa = PBXSourcesBuildPhase;
			buildActionMask = 2147483647;
			files = (
				CB7573CD20AE760900EA2319 /* SignUpProjectTests.swift in Sources */,
			);
			runOnlyForDeploymentPostprocessing = 0;
		};
		CB7573CF20AE760900EA2319 /* Sources */ = {
			isa = PBXSourcesBuildPhase;
			buildActionMask = 2147483647;
			files = (
				CB7573D820AE760900EA2319 /* SignUpProjectUITests.swift in Sources */,
			);
			runOnlyForDeploymentPostprocessing = 0;
		};
/* End PBXSourcesBuildPhase section */

/* Begin PBXTargetDependency section */
		CB7573CA20AE760900EA2319 /* PBXTargetDependency */ = {
			isa = PBXTargetDependency;
			target = CB7573B320AE760800EA2319 /* SignUpProject */;
			targetProxy = CB7573C920AE760900EA2319 /* PBXContainerItemProxy */;
		};
		CB7573D520AE760900EA2319 /* PBXTargetDependency */ = {
			isa = PBXTargetDependency;
			target = CB7573B320AE760800EA2319 /* SignUpProject */;
			targetProxy = CB7573D420AE760900EA2319 /* PBXContainerItemProxy */;
		};
/* End PBXTargetDependency section */

/* Begin PBXVariantGroup section */
		CB7573BB20AE760800EA2319 /* Main.storyboard */ = {
			isa = PBXVariantGroup;
			children = (
				CB7573BC20AE760800EA2319 /* Base */,
			);
			name = Main.storyboard;
			sourceTree = "<group>";
		};
		CB7573C020AE760900EA2319 /* LaunchScreen.storyboard */ = {
			isa = PBXVariantGroup;
			children = (
				CB7573C120AE760900EA2319 /* Base */,
			);
			name = LaunchScreen.storyboard;
			sourceTree = "<group>";
		};
/* End PBXVariantGroup section */

/* Begin XCBuildConfiguration section */
		CB7573DA20AE760900EA2319 /* Debug */ = {
			isa = XCBuildConfiguration;
			buildSettings = {
				ALWAYS_SEARCH_USER_PATHS = NO;
				CLANG_ANALYZER_NONNULL = YES;
				CLANG_ANALYZER_NUMBER_OBJECT_CONVERSION = YES_AGGRESSIVE;
				CLANG_CXX_LANGUAGE_STANDARD = "gnu++14";
				CLANG_CXX_LIBRARY = "libc++";
				CLANG_ENABLE_MODULES = YES;
				CLANG_ENABLE_OBJC_ARC = YES;
				CLANG_ENABLE_OBJC_WEAK = YES;
				CLANG_WARN_BLOCK_CAPTURE_AUTORELEASING = YES;
				CLANG_WARN_BOOL_CONVERSION = YES;
				CLANG_WARN_COMMA = YES;
				CLANG_WARN_CONSTANT_CONVERSION = YES;
				CLANG_WARN_DEPRECATED_OBJC_IMPLEMENTATIONS = YES;
				CLANG_WARN_DIRECT_OBJC_ISA_USAGE = YES_ERROR;
				CLANG_WARN_DOCUMENTATION_COMMENTS = YES;
				CLANG_WARN_EMPTY_BODY = YES;
				CLANG_WARN_ENUM_CONVERSION = YES;
				CLANG_WARN_INFINITE_RECURSION = YES;
				CLANG_WARN_INT_CONVERSION = YES;
				CLANG_WARN_NON_LITERAL_NULL_CONVERSION = YES;
				CLANG_WARN_OBJC_IMPLICIT_RETAIN_SELF = YES;
				CLANG_WARN_OBJC_LITERAL_CONVERSION = YES;
				CLANG_WARN_OBJC_ROOT_CLASS = YES_ERROR;
				CLANG_WARN_RANGE_LOOP_ANALYSIS = YES;
				CLANG_WARN_STRICT_PROTOTYPES = YES;
				CLANG_WARN_SUSPICIOUS_MOVE = YES;
				CLANG_WARN_UNGUARDED_AVAILABILITY = YES_AGGRESSIVE;
				CLANG_WARN_UNREACHABLE_CODE = YES;
				CLANG_WARN__DUPLICATE_METHOD_MATCH = YES;
				CODE_SIGN_IDENTITY = "iPhone Developer";
				COPY_PHASE_STRIP = NO;
				DEBUG_INFORMATION_FORMAT = dwarf;
				ENABLE_STRICT_OBJC_MSGSEND = YES;
				ENABLE_TESTABILITY = YES;
				GCC_C_LANGUAGE_STANDARD = gnu11;
				GCC_DYNAMIC_NO_PIC = NO;
				GCC_NO_COMMON_BLOCKS = YES;
				GCC_OPTIMIZATION_LEVEL = 0;
				GCC_PREPROCESSOR_DEFINITIONS = (
					"DEBUG=1",
					"$(inherited)",
				);
				GCC_WARN_64_TO_32_BIT_CONVERSION = YES;
				GCC_WARN_ABOUT_RETURN_TYPE = YES_ERROR;
				GCC_WARN_UNDECLARED_SELECTOR = YES;
				GCC_WARN_UNINITIALIZED_AUTOS = YES_AGGRESSIVE;
				GCC_WARN_UNUSED_FUNCTION = YES;
				GCC_WARN_UNUSED_VARIABLE = YES;
				IPHONEOS_DEPLOYMENT_TARGET = 11.3;
				MTL_ENABLE_DEBUG_INFO = YES;
				ONLY_ACTIVE_ARCH = YES;
				SDKROOT = iphoneos;
				SWIFT_ACTIVE_COMPILATION_CONDITIONS = DEBUG;
				SWIFT_OPTIMIZATION_LEVEL = "-Onone";
			};
			name = Debug;
		};
		CB7573DB20AE760900EA2319 /* Release */ = {
			isa = XCBuildConfiguration;
			buildSettings = {
				ALWAYS_SEARCH_USER_PATHS = NO;
				CLANG_ANALYZER_NONNULL = YES;
				CLANG_ANALYZER_NUMBER_OBJECT_CONVERSION = YES_AGGRESSIVE;
				CLANG_CXX_LANGUAGE_STANDARD = "gnu++14";
				CLANG_CXX_LIBRARY = "libc++";
				CLANG_ENABLE_MODULES = YES;
				CLANG_ENABLE_OBJC_ARC = YES;
				CLANG_ENABLE_OBJC_WEAK = YES;
				CLANG_WARN_BLOCK_CAPTURE_AUTORELEASING = YES;
				CLANG_WARN_BOOL_CONVERSION = YES;
				CLANG_WARN_COMMA = YES;
				CLANG_WARN_CONSTANT_CONVERSION = YES;
				CLANG_WARN_DEPRECATED_OBJC_IMPLEMENTATIONS = YES;
				CLANG_WARN_DIRECT_OBJC_ISA_USAGE = YES_ERROR;
				CLANG_WARN_DOCUMENTATION_COMMENTS = YES;
				CLANG_WARN_EMPTY_BODY = YES;
				CLANG_WARN_ENUM_CONVERSION = YES;
				CLANG_WARN_INFINITE_RECURSION = YES;
				CLANG_WARN_INT_CONVERSION = YES;
				CLANG_WARN_NON_LITERAL_NULL_CONVERSION = YES;
				CLANG_WARN_OBJC_IMPLICIT_RETAIN_SELF = YES;
				CLANG_WARN_OBJC_LITERAL_CONVERSION = YES;
				CLANG_WARN_OBJC_ROOT_CLASS = YES_ERROR;
				CLANG_WARN_RANGE_LOOP_ANALYSIS = YES;
				CLANG_WARN_STRICT_PROTOTYPES = YES;
				CLANG_WARN_SUSPICIOUS_MOVE = YES;
				CLANG_WARN_UNGUARDED_AVAILABILITY = YES_AGGRESSIVE;
				CLANG_WARN_UNREACHABLE_CODE = YES;
				CLANG_WARN__DUPLICATE_METHOD_MATCH = YES;
				CODE_SIGN_IDENTITY = "iPhone Developer";
				COPY_PHASE_STRIP = NO;
				DEBUG_INFORMATION_FORMAT = "dwarf-with-dsym";
				ENABLE_NS_ASSERTIONS = NO;
				ENABLE_STRICT_OBJC_MSGSEND = YES;
				GCC_C_LANGUAGE_STANDARD = gnu11;
				GCC_NO_COMMON_BLOCKS = YES;
				GCC_WARN_64_TO_32_BIT_CONVERSION = YES;
				GCC_WARN_ABOUT_RETURN_TYPE = YES_ERROR;
				GCC_WARN_UNDECLARED_SELECTOR = YES;
				GCC_WARN_UNINITIALIZED_AUTOS = YES_AGGRESSIVE;
				GCC_WARN_UNUSED_FUNCTION = YES;
				GCC_WARN_UNUSED_VARIABLE = YES;
				IPHONEOS_DEPLOYMENT_TARGET = 11.3;
				MTL_ENABLE_DEBUG_INFO = NO;
				SDKROOT = iphoneos;
				SWIFT_COMPILATION_MODE = wholemodule;
				SWIFT_OPTIMIZATION_LEVEL = "-O";
				VALIDATE_PRODUCT = YES;
			};
			name = Release;
		};
		CB7573DD20AE760900EA2319 /* Debug */ = {
			isa = XCBuildConfiguration;
			buildSettings = {
				ASSETCATALOG_COMPILER_APPICON_NAME = AppIcon;
				CODE_SIGN_STYLE = Automatic;
				DEVELOPMENT_TEAM = S5XN2YU952;
				INFOPLIST_FILE = SignUpProject/Info.plist;
				LD_RUNPATH_SEARCH_PATHS = (
					"$(inherited)",
					"@executable_path/Frameworks",
				);
				PRODUCT_BUNDLE_IDENTIFIER = alex.SignUpProject;
				PRODUCT_NAME = "$(TARGET_NAME)";
				SWIFT_VERSION = 4.0;
				TARGETED_DEVICE_FAMILY = "1,2";
			};
			name = Debug;
		};
		CB7573DE20AE760900EA2319 /* Release */ = {
			isa = XCBuildConfiguration;
			buildSettings = {
				ASSETCATALOG_COMPILER_APPICON_NAME = AppIcon;
				CODE_SIGN_STYLE = Automatic;
				DEVELOPMENT_TEAM = S5XN2YU952;
				INFOPLIST_FILE = SignUpProject/Info.plist;
				LD_RUNPATH_SEARCH_PATHS = (
					"$(inherited)",
					"@executable_path/Frameworks",
				);
				PRODUCT_BUNDLE_IDENTIFIER = alex.SignUpProject;
				PRODUCT_NAME = "$(TARGET_NAME)";
				SWIFT_VERSION = 4.0;
				TARGETED_DEVICE_FAMILY = "1,2";
			};
			name = Release;
		};
		CB7573E020AE760900EA2319 /* Debug */ = {
			isa = XCBuildConfiguration;
			buildSettings = {
				ALWAYS_EMBED_SWIFT_STANDARD_LIBRARIES = YES;
				BUNDLE_LOADER = "$(TEST_HOST)";
				CODE_SIGN_STYLE = Automatic;
				DEVELOPMENT_TEAM = S5XN2YU952;
				INFOPLIST_FILE = SignUpProjectTests/Info.plist;
				LD_RUNPATH_SEARCH_PATHS = (
					"$(inherited)",
					"@executable_path/Frameworks",
					"@loader_path/Frameworks",
				);
				PRODUCT_BUNDLE_IDENTIFIER = alex.SignUpProjectTests;
				PRODUCT_NAME = "$(TARGET_NAME)";
				SWIFT_VERSION = 4.0;
				TARGETED_DEVICE_FAMILY = "1,2";
				TEST_HOST = "$(BUILT_PRODUCTS_DIR)/SignUpProject.app/SignUpProject";
			};
			name = Debug;
		};
		CB7573E120AE760900EA2319 /* Release */ = {
			isa = XCBuildConfiguration;
			buildSettings = {
				ALWAYS_EMBED_SWIFT_STANDARD_LIBRARIES = YES;
				BUNDLE_LOADER = "$(TEST_HOST)";
				CODE_SIGN_STYLE = Automatic;
				DEVELOPMENT_TEAM = S5XN2YU952;
				INFOPLIST_FILE = SignUpProjectTests/Info.plist;
				LD_RUNPATH_SEARCH_PATHS = (
					"$(inherited)",
					"@executable_path/Frameworks",
					"@loader_path/Frameworks",
				);
				PRODUCT_BUNDLE_IDENTIFIER = alex.SignUpProjectTests;
				PRODUCT_NAME = "$(TARGET_NAME)";
				SWIFT_VERSION = 4.0;
				TARGETED_DEVICE_FAMILY = "1,2";
				TEST_HOST = "$(BUILT_PRODUCTS_DIR)/SignUpProject.app/SignUpProject";
			};
			name = Release;
		};
		CB7573E320AE760900EA2319 /* Debug */ = {
			isa = XCBuildConfiguration;
			buildSettings = {
				ALWAYS_EMBED_SWIFT_STANDARD_LIBRARIES = YES;
				CODE_SIGN_STYLE = Automatic;
				DEVELOPMENT_TEAM = S5XN2YU952;
				INFOPLIST_FILE = SignUpProjectUITests/Info.plist;
				LD_RUNPATH_SEARCH_PATHS = (
					"$(inherited)",
					"@executable_path/Frameworks",
					"@loader_path/Frameworks",
				);
				PRODUCT_BUNDLE_IDENTIFIER = alex.SignUpProjectUITests;
				PRODUCT_NAME = "$(TARGET_NAME)";
				SWIFT_VERSION = 4.0;
				TARGETED_DEVICE_FAMILY = "1,2";
				TEST_TARGET_NAME = SignUpProject;
			};
			name = Debug;
		};
		CB7573E420AE760900EA2319 /* Release */ = {
			isa = XCBuildConfiguration;
			buildSettings = {
				ALWAYS_EMBED_SWIFT_STANDARD_LIBRARIES = YES;
				CODE_SIGN_STYLE = Automatic;
				DEVELOPMENT_TEAM = S5XN2YU952;
				INFOPLIST_FILE = SignUpProjectUITests/Info.plist;
				LD_RUNPATH_SEARCH_PATHS = (
					"$(inherited)",
					"@executable_path/Frameworks",
					"@loader_path/Frameworks",
				);
				PRODUCT_BUNDLE_IDENTIFIER = alex.SignUpProjectUITests;
				PRODUCT_NAME = "$(TARGET_NAME)";
				SWIFT_VERSION = 4.0;
				TARGETED_DEVICE_FAMILY = "1,2";
				TEST_TARGET_NAME = SignUpProject;
			};
			name = Release;
		};
/* End XCBuildConfiguration section */

/* Begin XCConfigurationList section */
		CB7573AF20AE760800EA2319 /* Build configuration list for PBXProject "SignUpProject" */ = {
			isa = XCConfigurationList;
			buildConfigurations = (
				CB7573DA20AE760900EA2319 /* Debug */,
				CB7573DB20AE760900EA2319 /* Release */,
			);
			defaultConfigurationIsVisible = 0;
			defaultConfigurationName = Release;
		};
		CB7573DC20AE760900EA2319 /* Build configuration list for PBXNativeTarget "SignUpProject" */ = {
			isa = XCConfigurationList;
			buildConfigurations = (
				CB7573DD20AE760900EA2319 /* Debug */,
				CB7573DE20AE760900EA2319 /* Release */,
			);
			defaultConfigurationIsVisible = 0;
			defaultConfigurationName = Release;
		};
		CB7573DF20AE760900EA2319 /* Build configuration list for PBXNativeTarget "SignUpProjectTests" */ = {
			isa = XCConfigurationList;
			buildConfigurations = (
				CB7573E020AE760900EA2319 /* Debug */,
				CB7573E120AE760900EA2319 /* Release */,
			);
			defaultConfigurationIsVisible = 0;
			defaultConfigurationName = Release;
		};
		CB7573E220AE760900EA2319 /* Build configuration list for PBXNativeTarget "SignUpProjectUITests" */ = {
			isa = XCConfigurationList;
			buildConfigurations = (
				CB7573E320AE760900EA2319 /* Debug */,
				CB7573E420AE760900EA2319 /* Release */,
			);
			defaultConfigurationIsVisible = 0;
			defaultConfigurationName = Release;
		};
/* End XCConfigurationList section */
	};
	rootObject = CB7573AC20AE760800EA2319 /* Project object */;
}
